{
  "nodes": {
    "godot": {
      "flake": false,
      "locked": {
        "lastModified": 1709054830,
        "narHash": "sha256-tKGVIrxGT/M6bKaQvYIcX92zZIg2epqQa8NtG0kFdTw=",
        "owner": "godotengine",
        "repo": "godot",
        "rev": "f5dbbf7fd067bbb435989a6839fe37e03e4ba057",
        "type": "github"
      },
      "original": {
        "owner": "godotengine",
        "repo": "godot",
        "type": "github"
      }
    },
    "godot-cpp": {
      "flake": false,
      "locked": {
        "lastModified": 1708973657,
        "narHash": "sha256-CaTGt4yejZQawRpol6UkkFMg/7AVLWAWna3zcrT/6qo=",
        "owner": "godotengine",
        "repo": "godot-cpp",
        "rev": "e55b792fea513b4c1f13939ca00c28e06b8d4454",
        "type": "github"
      },
      "original": {
        "owner": "godotengine",
        "repo": "godot-cpp",
        "type": "github"
      }
    },
    "nixpkgs": {
      "locked": {
        "lastModified": 1708807242,
        "narHash": "sha256-sRTRkhMD4delO/hPxxi+XwLqPn8BuUq6nnj4JqLwOu0=",
        "owner": "nixos",
        "repo": "nixpkgs",
        "rev": "73de017ef2d18a04ac4bfd0c02650007ccb31c2a",
        "type": "github"
      },
      "original": {
        "owner": "nixos",
        "ref": "nixos-unstable",
        "repo": "nixpkgs",
        "type": "github"
      }
    },
    "root": {
      "inputs": {
        "godot": "godot",
        "godot-cpp": "godot-cpp",
        "nixpkgs": "nixpkgs"
      }
    }
  },
  "root": "root",
  "version": 7
}
