{
  "nodes": {
    "godot": {
      "flake": false,
      "locked": {
        "lastModified": 1669313061,
        "narHash": "sha256-uwsrrmpd0f72eSub/4jKCTY32BQ88tdqgd9ySXqETpQ=",
        "owner": "godotengine",
        "repo": "godot",
        "rev": "a16d3625c3b2e82c88cb29e897523aa53f78ec7c",
        "type": "github"
      },
      "original": {
        "owner": "godotengine",
        "repo": "godot",
        "type": "github"
      }
    },
    "godot-cpp": {
      "flake": false,
      "locked": {
        "lastModified": 1669214597,
        "narHash": "sha256-RtoWWrxc2CteVdSh/6Vz8wauvaw0doGfdbD4KcdfnJY=",
        "owner": "godotengine",
        "repo": "godot-cpp",
        "rev": "576bd172851932ba3db95fda8760b4f297c89efd",
        "type": "github"
      },
      "original": {
        "owner": "godotengine",
        "repo": "godot-cpp",
        "type": "github"
      }
    },
    "godot-rust": {
      "flake": false,
      "locked": {
        "lastModified": 1668968325,
        "narHash": "sha256-R4nvI+lddBG+VfPANHBU81V6EG1TF9ZYiwiDGXZscIQ=",
        "owner": "godot-rust",
        "repo": "gdextension",
        "rev": "5a8a0007dc0464d0f2b8f4a0e74d3cfdd7c0bdbf",
        "type": "github"
      },
      "original": {
        "owner": "godot-rust",
        "repo": "gdextension",
        "type": "github"
      }
    },
    "nixpkgs": {
      "locked": {
        "lastModified": 1668905981,
        "narHash": "sha256-RBQa/+9Uk1eFTqIOXBSBezlEbA3v5OkgP+qptQs1OxY=",
        "path": "/nix/store/0p5dnqxcz5zwkn24mjaysddx6j3q269i-source",
        "rev": "690ffff026b4e635b46f69002c0f4e81c65dfc2e",
        "type": "path"
      },
      "original": {
        "id": "nixpkgs",
        "type": "indirect"
      }
    },
    "root": {
      "inputs": {
        "godot": "godot",
        "godot-cpp": "godot-cpp",
        "godot-rust": "godot-rust",
        "nixpkgs": "nixpkgs"
      }
    }
  },
  "root": "root",
  "version": 7
}
