{
  "nodes": {
    "godot": {
      "flake": false,
      "locked": {
        "lastModified": 1666537909,
        "narHash": "sha256-kITKMk194yvfEEkJjF+UDo1ixr02+g7zeTK7IW4q9+E=",
        "owner": "godotengine",
        "repo": "godot",
        "rev": "8b37511364f1345a0636c576a9d31d572b8607ef",
        "type": "github"
      },
      "original": {
        "owner": "godotengine",
        "repo": "godot",
        "type": "github"
      }
    },
    "godot-cpp": {
      "flake": false,
      "locked": {
        "lastModified": 1666291668,
        "narHash": "sha256-jdXWyCGc37R9vpOCKVOcjJe7Cj2Lqq0S9UGZuiqXOJA=",
        "owner": "godotengine",
        "repo": "godot-cpp",
        "rev": "adf4802f4bd7fb7cafc1e94882df3f105d7f7afd",
        "type": "github"
      },
      "original": {
        "owner": "godotengine",
        "repo": "godot-cpp",
        "type": "github"
      }
    },
    "nixpkgs": {
      "locked": {
        "lastModified": 1666377499,
        "narHash": "sha256-dZZCGvWcxc7oGnUgFVf0UeNHsJ4VhkTM0v5JRe8EwR8=",
        "path": "/nix/store/z59rm6q29zvd8sb1hs305bjpy9wb5bzk-source",
        "rev": "301aada7a64812853f2e2634a530ef5d34505048",
        "type": "path"
      },
      "original": {
        "id": "nixpkgs",
        "type": "indirect"
      }
    },
    "root": {
      "inputs": {
        "godot": "godot",
        "godot-cpp": "godot-cpp",
        "nixpkgs": "nixpkgs"
      }
    }
  },
  "root": "root",
  "version": 7
}
